
Microsoft Visual Studio Solution File, Format Version 12.00
# Visual Studio 15
VisualStudioVersion = 15.0.28307.271
MinimumVisualStudioVersion = 10.0.40219.1
Project("{FAE04EC0-301F-11D3-BF4B-00C04F79EFBC}") = "Bildiri", "Bildiri\Bildiri.csproj", "{9FFED9EA-9B3F-4995-9EB3-E069CC8BCFB9}"
EndProject
Global
	GlobalSection(SolutionConfigurationPlatforms) = preSolution
		Debug|Any CPU = Debug|Any CPU
		Release|Any CPU = Release|Any CPU
	EndGlobalSection
	GlobalSection(ProjectConfigurationPlatforms) = postSolution
		{9FFED9EA-9B3F-4995-9EB3-E069CC8BCFB9}.Debug|Any CPU.ActiveCfg = Debug|Any CPU
		{9FFED9EA-9B3F-4995-9EB3-E069CC8BCFB9}.Debug|Any CPU.Build.0 = Debug|Any CPU
		{9FFED9EA-9B3F-4995-9EB3-E069CC8BCFB9}.Release|Any CPU.ActiveCfg = Release|Any CPU
		{9FFED9EA-9B3F-4995-9EB3-E069CC8BCFB9}.Release|Any CPU.Build.0 = Release|Any CPU
	EndGlobalSection
	GlobalSection(SolutionProperties) = preSolution
		HideSolutionNode = FALSE
	EndGlobalSection
	GlobalSection(ExtensibilityGlobals) = postSolution
		SolutionGuid = {C75B4329-567C-4A56-B525-5F3B29002AA2}
	EndGlobalSection
EndGlobal
